{
  "name": "ialien",
  "version": "1.0.0",
  "lockfileVersion": 2,
  "requires": true,
  "packages": {
    "": {
      "name": "ialien",
      "version": "1.0.0",
      "license": "ISC",
      "dependencies": {
        "blingblingjs": "^2.3.0",
        "canvas-confetti": "^1.5.1"
      }
    },
    "node_modules/blingblingjs": {
      "version": "2.3.0",
      "resolved": "https://registry.npmjs.org/blingblingjs/-/blingblingjs-2.3.0.tgz",
      "integrity": "sha512-OpQVP2A8p93X58/TjVPhuWkJ0wVo3Hbub5befrjoT99LarpOw/Rj+ecSAsosipoTf7po+Ux/+5gTlmlnKNKTSQ=="
    },
    "node_modules/canvas-confetti": {
      "version": "1.5.1",
      "resolved": "https://registry.npmjs.org/canvas-confetti/-/canvas-confetti-1.5.1.tgz",
      "integrity": "sha512-Ncz+oZJP6OvY7ti4E1slxVlyAV/3g7H7oQtcCDXgwGgARxPnwYY9PW5Oe+I8uvspYNtuHviAdgA0LfcKFWJfpg==",
      "funding": {
        "type": "donate",
        "url": "https://www.paypal.me/kirilvatev"
      }
    }
  },
  "dependencies": {
    "blingblingjs": {
      "version": "2.3.0",
      "resolved": "https://registry.npmjs.org/blingblingjs/-/blingblingjs-2.3.0.tgz",
      "integrity": "sha512-OpQVP2A8p93X58/TjVPhuWkJ0wVo3Hbub5befrjoT99LarpOw/Rj+ecSAsosipoTf7po+Ux/+5gTlmlnKNKTSQ=="
    },
    "canvas-confetti": {
      "version": "1.5.1",
      "resolved": "https://registry.npmjs.org/canvas-confetti/-/canvas-confetti-1.5.1.tgz",
      "integrity": "sha512-Ncz+oZJP6OvY7ti4E1slxVlyAV/3g7H7oQtcCDXgwGgARxPnwYY9PW5Oe+I8uvspYNtuHviAdgA0LfcKFWJfpg=="
    }
  }
}
